// !$*UTF8*$!
{
	archiveVersion = 1;
	classes = {
	};
	objectVersion = 48;
	objects = {

/* Begin PBXBuildFile section */
		102F1855C8CF46D802873F38 /* Pods_ActivityTests.framework in Frameworks */ = {isa = PBXBuildFile; fileRef = B90EA4A2D774528AC70B7E26 /* Pods_ActivityTests.framework */; };
		D302D51F1FAF73C200599B5A /* HelperManager.swift in Sources */ = {isa = PBXBuildFile; fileRef = D302D51E1FAF73C200599B5A /* HelperManager.swift */; };
		D3093BA01FB09F5200AF2603 /* Activity.swift in Sources */ = {isa = PBXBuildFile; fileRef = D3093B9F1FB09F5200AF2603 /* Activity.swift */; };
		D30A95E11FAE0DD200BED0EF /* Pods_Activity.framework in Frameworks */ = {isa = PBXBuildFile; fileRef = 9B22997784837F2692A8D883 /* Pods_Activity.framework */; };
		D30A95E21FAE0DD200BED0EF /* Pods_Activity.framework in Embed Frameworks */ = {isa = PBXBuildFile; fileRef = 9B22997784837F2692A8D883 /* Pods_Activity.framework */; settings = {ATTRIBUTES = (CodeSignOnCopy, RemoveHeadersOnCopy, ); }; };
		D30A95E51FAE1ABC00BED0EF /* LoginViewController.swift in Sources */ = {isa = PBXBuildFile; fileRef = D30A95E41FAE1ABC00BED0EF /* LoginViewController.swift */; };
		D30A95E71FAE1AE100BED0EF /* RegistrationInputTableViewCell.xib in Resources */ = {isa = PBXBuildFile; fileRef = D30A95E61FAE1AE100BED0EF /* RegistrationInputTableViewCell.xib */; };
		D30A95EC1FAE261500BED0EF /* User.swift in Sources */ = {isa = PBXBuildFile; fileRef = D30A95EB1FAE261500BED0EF /* User.swift */; };
		D30A95EE1FAE26C600BED0EF /* RealmManager.swift in Sources */ = {isa = PBXBuildFile; fileRef = D30A95ED1FAE26C600BED0EF /* RealmManager.swift */; };
		D30A95F01FAE276300BED0EF /* DataBaseManager.swift in Sources */ = {isa = PBXBuildFile; fileRef = D30A95EF1FAE276300BED0EF /* DataBaseManager.swift */; };
		D30A95F21FAE330500BED0EF /* VaildationManager.swift in Sources */ = {isa = PBXBuildFile; fileRef = D30A95F11FAE330500BED0EF /* VaildationManager.swift */; };
		D34742341FADC0F90055EFBF /* AppDelegate.swift in Sources */ = {isa = PBXBuildFile; fileRef = D34742331FADC0F90055EFBF /* AppDelegate.swift */; };
		D34742391FADC0F90055EFBF /* Main.storyboard in Resources */ = {isa = PBXBuildFile; fileRef = D34742371FADC0F90055EFBF /* Main.storyboard */; };
		D347423B1FADC0F90055EFBF /* Assets.xcassets in Resources */ = {isa = PBXBuildFile; fileRef = D347423A1FADC0F90055EFBF /* Assets.xcassets */; };
		D347423E1FADC0F90055EFBF /* LaunchScreen.storyboard in Resources */ = {isa = PBXBuildFile; fileRef = D347423C1FADC0F90055EFBF /* LaunchScreen.storyboard */; };
		D34742541FADC0F90055EFBF /* ActivityUITests.swift in Sources */ = {isa = PBXBuildFile; fileRef = D34742531FADC0F90055EFBF /* ActivityUITests.swift */; };
		D34742681FADC5330055EFBF /* Registration.storyboard in Resources */ = {isa = PBXBuildFile; fileRef = D34742671FADC5330055EFBF /* Registration.storyboard */; };
		D347426A1FADC80B0055EFBF /* LandingPageViewController.swift in Sources */ = {isa = PBXBuildFile; fileRef = D34742691FADC80B0055EFBF /* LandingPageViewController.swift */; };
		D347426E1FADD6730055EFBF /* constants.swift in Sources */ = {isa = PBXBuildFile; fileRef = D347426D1FADD6730055EFBF /* constants.swift */; };
		D34742701FADD9BC0055EFBF /* RegisterViewController.swift in Sources */ = {isa = PBXBuildFile; fileRef = D347426F1FADD9BC0055EFBF /* RegisterViewController.swift */; };
		D34CB5731FB1E9BE0017186C /* UserModelTests.swift in Sources */ = {isa = PBXBuildFile; fileRef = D34CB5721FB1E9BE0017186C /* UserModelTests.swift */; };
		D34CB5751FB1EC990017186C /* ActivityModelTests.swift in Sources */ = {isa = PBXBuildFile; fileRef = D34CB5741FB1EC990017186C /* ActivityModelTests.swift */; };
		D34CB5791FB1F4DF0017186C /* DataBaseManagerTestes.swift in Sources */ = {isa = PBXBuildFile; fileRef = D34CB5781FB1F4DF0017186C /* DataBaseManagerTestes.swift */; };
		D37549CE1FAF9D650046B85A /* MainTabBar.storyboard in Resources */ = {isa = PBXBuildFile; fileRef = D37549CD1FAF9D650046B85A /* MainTabBar.storyboard */; };
		D37549D31FAFA02D0046B85A /* TodoActivityViewController.swift in Sources */ = {isa = PBXBuildFile; fileRef = D37549D21FAFA02D0046B85A /* TodoActivityViewController.swift */; };
		D390C2E81FAFD8B8000445B2 /* HomeViewController.swift in Sources */ = {isa = PBXBuildFile; fileRef = D390C2E71FAFD8B8000445B2 /* HomeViewController.swift */; };
		D390C2EC1FAFDC0D000445B2 /* ActivityViewController.swift in Sources */ = {isa = PBXBuildFile; fileRef = D390C2EB1FAFDC0D000445B2 /* ActivityViewController.swift */; };
		D390C2EF1FB07A69000445B2 /* ActivityTypeTableViewCell.xib in Resources */ = {isa = PBXBuildFile; fileRef = D390C2EE1FB07A69000445B2 /* ActivityTypeTableViewCell.xib */; };
		D390C2F11FB07C3E000445B2 /* AddNewActivityViewController.swift in Sources */ = {isa = PBXBuildFile; fileRef = D390C2F01FB07C3E000445B2 /* AddNewActivityViewController.swift */; };
		D390C2F31FB0801B000445B2 /* ToDoActivities.storyboard in Resources */ = {isa = PBXBuildFile; fileRef = D390C2F21FB0801B000445B2 /* ToDoActivities.storyboard */; };
		D390C2F51FB08533000445B2 /* ActivityTypeTableViewCell.swift in Sources */ = {isa = PBXBuildFile; fileRef = D390C2F41FB08533000445B2 /* ActivityTypeTableViewCell.swift */; };
		D390C2F71FB08EB1000445B2 /* UserDefaultsManager.swift in Sources */ = {isa = PBXBuildFile; fileRef = D390C2F61FB08EB1000445B2 /* UserDefaultsManager.swift */; };
		D3A35CA31FAE43EC00BA5BBE /* AlertManager.swift in Sources */ = {isa = PBXBuildFile; fileRef = D3A35CA21FAE43EC00BA5BBE /* AlertManager.swift */; };
		D3A35CA51FAE7FE400BA5BBE /* WaitingForAccountActiviationViewController.swift in Sources */ = {isa = PBXBuildFile; fileRef = D3A35CA41FAE7FE400BA5BBE /* WaitingForAccountActiviationViewController.swift */; };
		D3A35CA71FAE980100BA5BBE /* NotificationsManager.swift in Sources */ = {isa = PBXBuildFile; fileRef = D3A35CA61FAE980100BA5BBE /* NotificationsManager.swift */; };
		D3D3047C1FB2022E002A45DF /* VaildationManagerTests.swift in Sources */ = {isa = PBXBuildFile; fileRef = D3D3047B1FB2022E002A45DF /* VaildationManagerTests.swift */; };
		D3D304831FB219AB002A45DF /* SettingsViewController.swift in Sources */ = {isa = PBXBuildFile; fileRef = D3D304821FB219AB002A45DF /* SettingsViewController.swift */; };
		D3DFB1A61FADEEC50073CB8E /* RegistrationInputTableViewCell.swift in Sources */ = {isa = PBXBuildFile; fileRef = D3DFB1A51FADEEC50073CB8E /* RegistrationInputTableViewCell.swift */; };
/* End PBXBuildFile section */

/* Begin PBXContainerItemProxy section */
		D34742451FADC0F90055EFBF /* PBXContainerItemProxy */ = {
			isa = PBXContainerItemProxy;
			containerPortal = D34742281FADC0F90055EFBF /* Project object */;
			proxyType = 1;
			remoteGlobalIDString = D347422F1FADC0F90055EFBF;
			remoteInfo = Activity;
		};
		D34742501FADC0F90055EFBF /* PBXContainerItemProxy */ = {
			isa = PBXContainerItemProxy;
			containerPortal = D34742281FADC0F90055EFBF /* Project object */;
			proxyType = 1;
			remoteGlobalIDString = D347422F1FADC0F90055EFBF;
			remoteInfo = Activity;
		};
/* End PBXContainerItemProxy section */

/* Begin PBXCopyFilesBuildPhase section */
		D30A95E31FAE0DD200BED0EF /* Embed Frameworks */ = {
			isa = PBXCopyFilesBuildPhase;
			buildActionMask = 2147483647;
			dstPath = "";
			dstSubfolderSpec = 10;
			files = (
				D30A95E21FAE0DD200BED0EF /* Pods_Activity.framework in Embed Frameworks */,
			);
			name = "Embed Frameworks";
			runOnlyForDeploymentPostprocessing = 0;
		};
/* End PBXCopyFilesBuildPhase section */

/* Begin PBXFileReference section */
		09330BE3C026E5A7842BBFD4 /* Pods-ActivityUITests.debug.xcconfig */ = {isa = PBXFileReference; includeInIndex = 1; lastKnownFileType = text.xcconfig; name = "Pods-ActivityUITests.debug.xcconfig"; path = "Pods/Target Support Files/Pods-ActivityUITests/Pods-ActivityUITests.debug.xcconfig"; sourceTree = "<group>"; };
		3EEF5E83104B0BB9B83CD10B /* Pods_ActivityUITests.framework */ = {isa = PBXFileReference; explicitFileType = wrapper.framework; includeInIndex = 0; path = Pods_ActivityUITests.framework; sourceTree = BUILT_PRODUCTS_DIR; };
		503F58E0940B9743C7154F97 /* Pods-ActivityUITests.release.xcconfig */ = {isa = PBXFileReference; includeInIndex = 1; lastKnownFileType = text.xcconfig; name = "Pods-ActivityUITests.release.xcconfig"; path = "Pods/Target Support Files/Pods-ActivityUITests/Pods-ActivityUITests.release.xcconfig"; sourceTree = "<group>"; };
		59E0C1FF120F11E8BC7E2980 /* Pods-ActivityTests.debug.xcconfig */ = {isa = PBXFileReference; includeInIndex = 1; lastKnownFileType = text.xcconfig; name = "Pods-ActivityTests.debug.xcconfig"; path = "Pods/Target Support Files/Pods-ActivityTests/Pods-ActivityTests.debug.xcconfig"; sourceTree = "<group>"; };
		60CDA472063CAD9A2947B831 /* Pods-Activity-ActivityUITests.release.xcconfig */ = {isa = PBXFileReference; includeInIndex = 1; lastKnownFileType = text.xcconfig; name = "Pods-Activity-ActivityUITests.release.xcconfig"; path = "Pods/Target Support Files/Pods-Activity-ActivityUITests/Pods-Activity-ActivityUITests.release.xcconfig"; sourceTree = "<group>"; };
		766E6E311C444E00A7BBA5D6 /* Pods-Activity.debug.xcconfig */ = {isa = PBXFileReference; includeInIndex = 1; lastKnownFileType = text.xcconfig; name = "Pods-Activity.debug.xcconfig"; path = "Pods/Target Support Files/Pods-Activity/Pods-Activity.debug.xcconfig"; sourceTree = "<group>"; };
		9B22997784837F2692A8D883 /* Pods_Activity.framework */ = {isa = PBXFileReference; explicitFileType = wrapper.framework; includeInIndex = 0; path = Pods_Activity.framework; sourceTree = BUILT_PRODUCTS_DIR; };
		9E711C2571CAA31F51AE68CF /* Pods-ActivityTests.release.xcconfig */ = {isa = PBXFileReference; includeInIndex = 1; lastKnownFileType = text.xcconfig; name = "Pods-ActivityTests.release.xcconfig"; path = "Pods/Target Support Files/Pods-ActivityTests/Pods-ActivityTests.release.xcconfig"; sourceTree = "<group>"; };
		B4103FC7832CE123CB899A7A /* Pods_Activity_ActivityTests.framework */ = {isa = PBXFileReference; explicitFileType = wrapper.framework; includeInIndex = 0; path = Pods_Activity_ActivityTests.framework; sourceTree = BUILT_PRODUCTS_DIR; };
		B87476B4D86D732F4C7A8633 /* Pods-Activity-ActivityTests.release.xcconfig */ = {isa = PBXFileReference; includeInIndex = 1; lastKnownFileType = text.xcconfig; name = "Pods-Activity-ActivityTests.release.xcconfig"; path = "Pods/Target Support Files/Pods-Activity-ActivityTests/Pods-Activity-ActivityTests.release.xcconfig"; sourceTree = "<group>"; };
		B90EA4A2D774528AC70B7E26 /* Pods_ActivityTests.framework */ = {isa = PBXFileReference; explicitFileType = wrapper.framework; includeInIndex = 0; path = Pods_ActivityTests.framework; sourceTree = BUILT_PRODUCTS_DIR; };
		C3789C691CF6DEBC81EB4D07 /* Pods-Activity.release.xcconfig */ = {isa = PBXFileReference; includeInIndex = 1; lastKnownFileType = text.xcconfig; name = "Pods-Activity.release.xcconfig"; path = "Pods/Target Support Files/Pods-Activity/Pods-Activity.release.xcconfig"; sourceTree = "<group>"; };
		D302D51E1FAF73C200599B5A /* HelperManager.swift */ = {isa = PBXFileReference; lastKnownFileType = sourcecode.swift; path = HelperManager.swift; sourceTree = "<group>"; };
		D3093B9F1FB09F5200AF2603 /* Activity.swift */ = {isa = PBXFileReference; lastKnownFileType = sourcecode.swift; path = Activity.swift; sourceTree = "<group>"; };
		D30A95E41FAE1ABC00BED0EF /* LoginViewController.swift */ = {isa = PBXFileReference; lastKnownFileType = sourcecode.swift; path = LoginViewController.swift; sourceTree = "<group>"; };
		D30A95E61FAE1AE100BED0EF /* RegistrationInputTableViewCell.xib */ = {isa = PBXFileReference; lastKnownFileType = file.xib; path = RegistrationInputTableViewCell.xib; sourceTree = "<group>"; };
		D30A95EB1FAE261500BED0EF /* User.swift */ = {isa = PBXFileReference; lastKnownFileType = sourcecode.swift; path = User.swift; sourceTree = "<group>"; };
		D30A95ED1FAE26C600BED0EF /* RealmManager.swift */ = {isa = PBXFileReference; lastKnownFileType = sourcecode.swift; path = RealmManager.swift; sourceTree = "<group>"; };
		D30A95EF1FAE276300BED0EF /* DataBaseManager.swift */ = {isa = PBXFileReference; lastKnownFileType = sourcecode.swift; path = DataBaseManager.swift; sourceTree = "<group>"; };
		D30A95F11FAE330500BED0EF /* VaildationManager.swift */ = {isa = PBXFileReference; lastKnownFileType = sourcecode.swift; path = VaildationManager.swift; sourceTree = "<group>"; };
		D34742301FADC0F90055EFBF /* Activity.app */ = {isa = PBXFileReference; explicitFileType = wrapper.application; includeInIndex = 0; path = Activity.app; sourceTree = BUILT_PRODUCTS_DIR; };
		D34742331FADC0F90055EFBF /* AppDelegate.swift */ = {isa = PBXFileReference; lastKnownFileType = sourcecode.swift; path = AppDelegate.swift; sourceTree = "<group>"; };
		D34742381FADC0F90055EFBF /* Base */ = {isa = PBXFileReference; lastKnownFileType = file.storyboard; name = Base; path = Base.lproj/Main.storyboard; sourceTree = "<group>"; };
		D347423A1FADC0F90055EFBF /* Assets.xcassets */ = {isa = PBXFileReference; lastKnownFileType = folder.assetcatalog; path = Assets.xcassets; sourceTree = "<group>"; };
		D347423D1FADC0F90055EFBF /* Base */ = {isa = PBXFileReference; lastKnownFileType = file.storyboard; name = Base; path = Base.lproj/LaunchScreen.storyboard; sourceTree = "<group>"; };
		D347423F1FADC0F90055EFBF /* Info.plist */ = {isa = PBXFileReference; lastKnownFileType = text.plist.xml; path = Info.plist; sourceTree = "<group>"; };
		D34742441FADC0F90055EFBF /* ActivityTests.xctest */ = {isa = PBXFileReference; explicitFileType = wrapper.cfbundle; includeInIndex = 0; path = ActivityTests.xctest; sourceTree = BUILT_PRODUCTS_DIR; };
		D347424A1FADC0F90055EFBF /* Info.plist */ = {isa = PBXFileReference; lastKnownFileType = text.plist.xml; path = Info.plist; sourceTree = "<group>"; };
		D347424F1FADC0F90055EFBF /* ActivityUITests.xctest */ = {isa = PBXFileReference; explicitFileType = wrapper.cfbundle; includeInIndex = 0; path = ActivityUITests.xctest; sourceTree = BUILT_PRODUCTS_DIR; };
		D34742531FADC0F90055EFBF /* ActivityUITests.swift */ = {isa = PBXFileReference; lastKnownFileType = sourcecode.swift; path = ActivityUITests.swift; sourceTree = "<group>"; };
		D34742551FADC0F90055EFBF /* Info.plist */ = {isa = PBXFileReference; lastKnownFileType = text.plist.xml; path = Info.plist; sourceTree = "<group>"; };
		D34742671FADC5330055EFBF /* Registration.storyboard */ = {isa = PBXFileReference; lastKnownFileType = file.storyboard; path = Registration.storyboard; sourceTree = "<group>"; };
		D34742691FADC80B0055EFBF /* LandingPageViewController.swift */ = {isa = PBXFileReference; lastKnownFileType = sourcecode.swift; path = LandingPageViewController.swift; sourceTree = "<group>"; };
		D347426D1FADD6730055EFBF /* constants.swift */ = {isa = PBXFileReference; lastKnownFileType = sourcecode.swift; path = constants.swift; sourceTree = "<group>"; };
		D347426F1FADD9BC0055EFBF /* RegisterViewController.swift */ = {isa = PBXFileReference; lastKnownFileType = sourcecode.swift; path = RegisterViewController.swift; sourceTree = "<group>"; };
		D34CB5721FB1E9BE0017186C /* UserModelTests.swift */ = {isa = PBXFileReference; lastKnownFileType = sourcecode.swift; path = UserModelTests.swift; sourceTree = "<group>"; };
		D34CB5741FB1EC990017186C /* ActivityModelTests.swift */ = {isa = PBXFileReference; lastKnownFileType = sourcecode.swift; path = ActivityModelTests.swift; sourceTree = "<group>"; };
		D34CB5781FB1F4DF0017186C /* DataBaseManagerTestes.swift */ = {isa = PBXFileReference; lastKnownFileType = sourcecode.swift; path = DataBaseManagerTestes.swift; sourceTree = "<group>"; };
		D367D8221FAE09C700AA18DA /* IQKeyboardManagerSwift.framework */ = {isa = PBXFileReference; explicitFileType = wrapper.framework; path = IQKeyboardManagerSwift.framework; sourceTree = BUILT_PRODUCTS_DIR; };
		D37549CD1FAF9D650046B85A /* MainTabBar.storyboard */ = {isa = PBXFileReference; lastKnownFileType = file.storyboard; path = MainTabBar.storyboard; sourceTree = "<group>"; };
		D37549D21FAFA02D0046B85A /* TodoActivityViewController.swift */ = {isa = PBXFileReference; lastKnownFileType = sourcecode.swift; path = TodoActivityViewController.swift; sourceTree = "<group>"; };
		D390C2E71FAFD8B8000445B2 /* HomeViewController.swift */ = {isa = PBXFileReference; lastKnownFileType = sourcecode.swift; path = HomeViewController.swift; sourceTree = "<group>"; };
		D390C2EB1FAFDC0D000445B2 /* ActivityViewController.swift */ = {isa = PBXFileReference; lastKnownFileType = sourcecode.swift; path = ActivityViewController.swift; sourceTree = "<group>"; };
		D390C2EE1FB07A69000445B2 /* ActivityTypeTableViewCell.xib */ = {isa = PBXFileReference; lastKnownFileType = file.xib; path = ActivityTypeTableViewCell.xib; sourceTree = "<group>"; };
		D390C2F01FB07C3E000445B2 /* AddNewActivityViewController.swift */ = {isa = PBXFileReference; lastKnownFileType = sourcecode.swift; path = AddNewActivityViewController.swift; sourceTree = "<group>"; };
		D390C2F21FB0801B000445B2 /* ToDoActivities.storyboard */ = {isa = PBXFileReference; lastKnownFileType = file.storyboard; path = ToDoActivities.storyboard; sourceTree = "<group>"; };
		D390C2F41FB08533000445B2 /* ActivityTypeTableViewCell.swift */ = {isa = PBXFileReference; lastKnownFileType = sourcecode.swift; path = ActivityTypeTableViewCell.swift; sourceTree = "<group>"; };
		D390C2F61FB08EB1000445B2 /* UserDefaultsManager.swift */ = {isa = PBXFileReference; lastKnownFileType = sourcecode.swift; path = UserDefaultsManager.swift; sourceTree = "<group>"; };
		D3A35CA21FAE43EC00BA5BBE /* AlertManager.swift */ = {isa = PBXFileReference; lastKnownFileType = sourcecode.swift; path = AlertManager.swift; sourceTree = "<group>"; };
		D3A35CA41FAE7FE400BA5BBE /* WaitingForAccountActiviationViewController.swift */ = {isa = PBXFileReference; lastKnownFileType = sourcecode.swift; path = WaitingForAccountActiviationViewController.swift; sourceTree = "<group>"; };
		D3A35CA61FAE980100BA5BBE /* NotificationsManager.swift */ = {isa = PBXFileReference; lastKnownFileType = sourcecode.swift; path = NotificationsManager.swift; sourceTree = "<group>"; };
		D3D3047B1FB2022E002A45DF /* VaildationManagerTests.swift */ = {isa = PBXFileReference; lastKnownFileType = sourcecode.swift; path = VaildationManagerTests.swift; sourceTree = "<group>"; };
		D3D304821FB219AB002A45DF /* SettingsViewController.swift */ = {isa = PBXFileReference; lastKnownFileType = sourcecode.swift; path = SettingsViewController.swift; sourceTree = "<group>"; };
		D3DF403D2F8C94F658A1C43C /* Pods-Activity-ActivityUITests.debug.xcconfig */ = {isa = PBXFileReference; includeInIndex = 1; lastKnownFileType = text.xcconfig; name = "Pods-Activity-ActivityUITests.debug.xcconfig"; path = "Pods/Target Support Files/Pods-Activity-ActivityUITests/Pods-Activity-ActivityUITests.debug.xcconfig"; sourceTree = "<group>"; };
		D3DFB1A51FADEEC50073CB8E /* RegistrationInputTableViewCell.swift */ = {isa = PBXFileReference; lastKnownFileType = sourcecode.swift; path = RegistrationInputTableViewCell.swift; sourceTree = "<group>"; };
		F5CCFC5F89CC3C947DD83811 /* Pods-Activity-ActivityTests.debug.xcconfig */ = {isa = PBXFileReference; includeInIndex = 1; lastKnownFileType = text.xcconfig; name = "Pods-Activity-ActivityTests.debug.xcconfig"; path = "Pods/Target Support Files/Pods-Activity-ActivityTests/Pods-Activity-ActivityTests.debug.xcconfig"; sourceTree = "<group>"; };
		FC55C38B4631EB7DF0EB5A84 /* Pods_Activity_ActivityUITests.framework */ = {isa = PBXFileReference; explicitFileType = wrapper.framework; includeInIndex = 0; path = Pods_Activity_ActivityUITests.framework; sourceTree = BUILT_PRODUCTS_DIR; };
/* End PBXFileReference section */

/* Begin PBXFrameworksBuildPhase section */
		D347422D1FADC0F90055EFBF /* Frameworks */ = {
			isa = PBXFrameworksBuildPhase;
			buildActionMask = 2147483647;
			files = (
				D30A95E11FAE0DD200BED0EF /* Pods_Activity.framework in Frameworks */,
			);
			runOnlyForDeploymentPostprocessing = 0;
		};
		D34742411FADC0F90055EFBF /* Frameworks */ = {
			isa = PBXFrameworksBuildPhase;
			buildActionMask = 2147483647;
			files = (
				102F1855C8CF46D802873F38 /* Pods_ActivityTests.framework in Frameworks */,
			);
			runOnlyForDeploymentPostprocessing = 0;
		};
		D347424C1FADC0F90055EFBF /* Frameworks */ = {
			isa = PBXFrameworksBuildPhase;
			buildActionMask = 2147483647;
			files = (
			);
			runOnlyForDeploymentPostprocessing = 0;
		};
/* End PBXFrameworksBuildPhase section */

/* Begin PBXGroup section */
		554C506085C8DACC8ACC2B70 /* Pods */ = {
			isa = PBXGroup;
			children = (
				766E6E311C444E00A7BBA5D6 /* Pods-Activity.debug.xcconfig */,
				C3789C691CF6DEBC81EB4D07 /* Pods-Activity.release.xcconfig */,
				59E0C1FF120F11E8BC7E2980 /* Pods-ActivityTests.debug.xcconfig */,
				9E711C2571CAA31F51AE68CF /* Pods-ActivityTests.release.xcconfig */,
				09330BE3C026E5A7842BBFD4 /* Pods-ActivityUITests.debug.xcconfig */,
				503F58E0940B9743C7154F97 /* Pods-ActivityUITests.release.xcconfig */,
				F5CCFC5F89CC3C947DD83811 /* Pods-Activity-ActivityTests.debug.xcconfig */,
				B87476B4D86D732F4C7A8633 /* Pods-Activity-ActivityTests.release.xcconfig */,
				D3DF403D2F8C94F658A1C43C /* Pods-Activity-ActivityUITests.debug.xcconfig */,
				60CDA472063CAD9A2947B831 /* Pods-Activity-ActivityUITests.release.xcconfig */,
			);
			name = Pods;
			sourceTree = "<group>";
		};
		9FE2586DFF9CBAAAADE77438 /* Frameworks */ = {
			isa = PBXGroup;
			children = (
				D367D8221FAE09C700AA18DA /* IQKeyboardManagerSwift.framework */,
				9B22997784837F2692A8D883 /* Pods_Activity.framework */,
				B90EA4A2D774528AC70B7E26 /* Pods_ActivityTests.framework */,
				3EEF5E83104B0BB9B83CD10B /* Pods_ActivityUITests.framework */,
				B4103FC7832CE123CB899A7A /* Pods_Activity_ActivityTests.framework */,
				FC55C38B4631EB7DF0EB5A84 /* Pods_Activity_ActivityUITests.framework */,
			);
			name = Frameworks;
			sourceTree = "<group>";
		};
		D30A95E91FAE233C00BED0EF /* DataBase */ = {
			isa = PBXGroup;
			children = (
				D30A95EF1FAE276300BED0EF /* DataBaseManager.swift */,
				D30A95ED1FAE26C600BED0EF /* RealmManager.swift */,
			);
			path = DataBase;
			sourceTree = "<group>";
		};
		D30A95EA1FAE25F800BED0EF /* DataBaseModels */ = {
			isa = PBXGroup;
			children = (
				D30A95EB1FAE261500BED0EF /* User.swift */,
				D3093B9F1FB09F5200AF2603 /* Activity.swift */,
			);
			path = DataBaseModels;
			sourceTree = "<group>";
		};
		D34742271FADC0F90055EFBF = {
			isa = PBXGroup;
			children = (
				D34742321FADC0F90055EFBF /* Activity */,
				D34742471FADC0F90055EFBF /* ActivityTests */,
				D34742521FADC0F90055EFBF /* ActivityUITests */,
				D34742311FADC0F90055EFBF /* Products */,
				554C506085C8DACC8ACC2B70 /* Pods */,
				9FE2586DFF9CBAAAADE77438 /* Frameworks */,
			);
			sourceTree = "<group>";
		};
		D34742311FADC0F90055EFBF /* Products */ = {
			isa = PBXGroup;
			children = (
				D34742301FADC0F90055EFBF /* Activity.app */,
				D34742441FADC0F90055EFBF /* ActivityTests.xctest */,
				D347424F1FADC0F90055EFBF /* ActivityUITests.xctest */,
			);
			name = Products;
			sourceTree = "<group>";
		};
		D34742321FADC0F90055EFBF /* Activity */ = {
			isa = PBXGroup;
			children = (
				D34742331FADC0F90055EFBF /* AppDelegate.swift */,
				D34742611FADC12B0055EFBF /* Models */,
				D34742631FADC1510055EFBF /* views */,
				D34742651FADC15D0055EFBF /* Controllers */,
				D34742661FADC1840055EFBF /* Managers */,
				D347426C1FADD5F00055EFBF /* Helpers */,
				D347423A1FADC0F90055EFBF /* Assets.xcassets */,
				D347423C1FADC0F90055EFBF /* LaunchScreen.storyboard */,
				D347423F1FADC0F90055EFBF /* Info.plist */,
			);
			path = Activity;
			sourceTree = "<group>";
		};
		D34742471FADC0F90055EFBF /* ActivityTests */ = {
			isa = PBXGroup;
			children = (
				D34CB5771FB1F4970017186C /* Managers */,
				D34CB5761FB1F4720017186C /* Models */,
				D347424A1FADC0F90055EFBF /* Info.plist */,
			);
			path = ActivityTests;
			sourceTree = "<group>";
		};
		D34742521FADC0F90055EFBF /* ActivityUITests */ = {
			isa = PBXGroup;
			children = (
				D34742531FADC0F90055EFBF /* ActivityUITests.swift */,
				D34742551FADC0F90055EFBF /* Info.plist */,
			);
			path = ActivityUITests;
			sourceTree = "<group>";
		};
		D34742611FADC12B0055EFBF /* Models */ = {
			isa = PBXGroup;
			children = (
				D30A95EA1FAE25F800BED0EF /* DataBaseModels */,
			);
			path = Models;
			sourceTree = "<group>";
		};
		D34742631FADC1510055EFBF /* views */ = {
			isa = PBXGroup;
			children = (
				D34742371FADC0F90055EFBF /* Main.storyboard */,
				D34742671FADC5330055EFBF /* Registration.storyboard */,
				D37549CD1FAF9D650046B85A /* MainTabBar.storyboard */,
				D390C2F21FB0801B000445B2 /* ToDoActivities.storyboard */,
			);
			path = views;
			sourceTree = "<group>";
		};
		D34742651FADC15D0055EFBF /* Controllers */ = {
			isa = PBXGroup;
			children = (
				D347426B1FADC81B0055EFBF /* Registration */,
				D37549D11FAF9FFE0046B85A /* TodoActivity */,
				D390C2EA1FAFDBED000445B2 /* Activity */,
				D390C2E61FAFD8A8000445B2 /* Home */,
				D3D3047F1FB21776002A45DF /* Settings */,
			);
			path = Controllers;
			sourceTree = "<group>";
		};
		D34742661FADC1840055EFBF /* Managers */ = {
			isa = PBXGroup;
			children = (
				D30A95E91FAE233C00BED0EF /* DataBase */,
				D3A35CA21FAE43EC00BA5BBE /* AlertManager.swift */,
				D30A95F11FAE330500BED0EF /* VaildationManager.swift */,
				D3A35CA61FAE980100BA5BBE /* NotificationsManager.swift */,
				D302D51E1FAF73C200599B5A /* HelperManager.swift */,
				D390C2F61FB08EB1000445B2 /* UserDefaultsManager.swift */,
			);
			path = Managers;
			sourceTree = "<group>";
		};
		D347426B1FADC81B0055EFBF /* Registration */ = {
			isa = PBXGroup;
			children = (
				D34742691FADC80B0055EFBF /* LandingPageViewController.swift */,
				D347426F1FADD9BC0055EFBF /* RegisterViewController.swift */,
				D30A95E41FAE1ABC00BED0EF /* LoginViewController.swift */,
				D3A35CA41FAE7FE400BA5BBE /* WaitingForAccountActiviationViewController.swift */,
				D3DFB1A41FADEE660073CB8E /* TableCells */,
			);
			path = Registration;
			sourceTree = "<group>";
		};
		D347426C1FADD5F00055EFBF /* Helpers */ = {
			isa = PBXGroup;
			children = (
				D347426D1FADD6730055EFBF /* constants.swift */,
			);
			path = Helpers;
			sourceTree = "<group>";
		};
		D34CB5761FB1F4720017186C /* Models */ = {
			isa = PBXGroup;
			children = (
				D34CB5721FB1E9BE0017186C /* UserModelTests.swift */,
				D34CB5741FB1EC990017186C /* ActivityModelTests.swift */,
			);
			path = Models;
			sourceTree = "<group>";
		};
		D34CB5771FB1F4970017186C /* Managers */ = {
			isa = PBXGroup;
			children = (
				D34CB5781FB1F4DF0017186C /* DataBaseManagerTestes.swift */,
				D3D3047B1FB2022E002A45DF /* VaildationManagerTests.swift */,
			);
			path = Managers;
			sourceTree = "<group>";
		};
		D37549D11FAF9FFE0046B85A /* TodoActivity */ = {
			isa = PBXGroup;
			children = (
				D37549D21FAFA02D0046B85A /* TodoActivityViewController.swift */,
				D390C2F01FB07C3E000445B2 /* AddNewActivityViewController.swift */,
				D390C2ED1FB07944000445B2 /* TableCells */,
			);
			path = TodoActivity;
			sourceTree = "<group>";
		};
		D390C2E61FAFD8A8000445B2 /* Home */ = {
			isa = PBXGroup;
			children = (
				D390C2E71FAFD8B8000445B2 /* HomeViewController.swift */,
			);
			path = Home;
			sourceTree = "<group>";
		};
		D390C2EA1FAFDBED000445B2 /* Activity */ = {
			isa = PBXGroup;
			children = (
				D390C2EB1FAFDC0D000445B2 /* ActivityViewController.swift */,
			);
			path = Activity;
			sourceTree = "<group>";
		};
		D390C2ED1FB07944000445B2 /* TableCells */ = {
			isa = PBXGroup;
			children = (
				D390C2F41FB08533000445B2 /* ActivityTypeTableViewCell.swift */,
				D390C2EE1FB07A69000445B2 /* ActivityTypeTableViewCell.xib */,
			);
			path = TableCells;
			sourceTree = "<group>";
		};
		D3D3047F1FB21776002A45DF /* Settings */ = {
			isa = PBXGroup;
			children = (
				D3D304821FB219AB002A45DF /* SettingsViewController.swift */,
			);
			path = Settings;
			sourceTree = "<group>";
		};
		D3DFB1A41FADEE660073CB8E /* TableCells */ = {
			isa = PBXGroup;
			children = (
				D3DFB1A51FADEEC50073CB8E /* RegistrationInputTableViewCell.swift */,
				D30A95E61FAE1AE100BED0EF /* RegistrationInputTableViewCell.xib */,
			);
			path = TableCells;
			sourceTree = "<group>";
		};
/* End PBXGroup section */

/* Begin PBXNativeTarget section */
		D347422F1FADC0F90055EFBF /* Activity */ = {
			isa = PBXNativeTarget;
			buildConfigurationList = D34742581FADC0F90055EFBF /* Build configuration list for PBXNativeTarget "Activity" */;
			buildPhases = (
				38ABAB1B008EA0CAD98954FA /* [CP] Check Pods Manifest.lock */,
				D347422C1FADC0F90055EFBF /* Sources */,
				D347422D1FADC0F90055EFBF /* Frameworks */,
				D347422E1FADC0F90055EFBF /* Resources */,
				728F19B0C6FD9616C5991EB2 /* [CP] Embed Pods Frameworks */,
				E07E946234D06C04128A759A /* [CP] Copy Pods Resources */,
				D30A95E31FAE0DD200BED0EF /* Embed Frameworks */,
			);
			buildRules = (
			);
			dependencies = (
			);
			name = Activity;
			productName = Activity;
			productReference = D34742301FADC0F90055EFBF /* Activity.app */;
			productType = "com.apple.product-type.application";
		};
		D34742431FADC0F90055EFBF /* ActivityTests */ = {
			isa = PBXNativeTarget;
			buildConfigurationList = D347425B1FADC0F90055EFBF /* Build configuration list for PBXNativeTarget "ActivityTests" */;
			buildPhases = (
				C50909FDC541A5EDA4DA7F13 /* [CP] Check Pods Manifest.lock */,
				D34742401FADC0F90055EFBF /* Sources */,
				D34742411FADC0F90055EFBF /* Frameworks */,
				D34742421FADC0F90055EFBF /* Resources */,
				1F862A08DF71D692614F55BD /* [CP] Embed Pods Frameworks */,
				C7CAD309FE8403D5FB48CE1F /* [CP] Copy Pods Resources */,
			);
			buildRules = (
			);
			dependencies = (
				D34742461FADC0F90055EFBF /* PBXTargetDependency */,
			);
			name = ActivityTests;
			productName = ActivityTests;
			productReference = D34742441FADC0F90055EFBF /* ActivityTests.xctest */;
			productType = "com.apple.product-type.bundle.unit-test";
		};
		D347424E1FADC0F90055EFBF /* ActivityUITests */ = {
			isa = PBXNativeTarget;
			buildConfigurationList = D347425E1FADC0F90055EFBF /* Build configuration list for PBXNativeTarget "ActivityUITests" */;
			buildPhases = (
				CF14BEF047BBF550ECCA4C45 /* [CP] Check Pods Manifest.lock */,
				D347424B1FADC0F90055EFBF /* Sources */,
				D347424C1FADC0F90055EFBF /* Frameworks */,
				D347424D1FADC0F90055EFBF /* Resources */,
				D3CE8855B7F58BD46EC08281 /* [CP] Embed Pods Frameworks */,
				DE1FF4FE16DBB39AEDBF2A1D /* [CP] Copy Pods Resources */,
			);
			buildRules = (
			);
			dependencies = (
				D34742511FADC0F90055EFBF /* PBXTargetDependency */,
			);
			name = ActivityUITests;
			productName = ActivityUITests;
			productReference = D347424F1FADC0F90055EFBF /* ActivityUITests.xctest */;
			productType = "com.apple.product-type.bundle.ui-testing";
		};
/* End PBXNativeTarget section */

/* Begin PBXProject section */
		D34742281FADC0F90055EFBF /* Project object */ = {
			isa = PBXProject;
			attributes = {
				LastSwiftUpdateCheck = 0900;
				LastUpgradeCheck = 0900;
				ORGANIZATIONNAME = "Ayman ";
				TargetAttributes = {
					D347422F1FADC0F90055EFBF = {
						CreatedOnToolsVersion = 9.0;
						ProvisioningStyle = Automatic;
					};
					D34742431FADC0F90055EFBF = {
						CreatedOnToolsVersion = 9.0;
						ProvisioningStyle = Automatic;
						TestTargetID = D347422F1FADC0F90055EFBF;
					};
					D347424E1FADC0F90055EFBF = {
						CreatedOnToolsVersion = 9.0;
						ProvisioningStyle = Automatic;
						TestTargetID = D347422F1FADC0F90055EFBF;
					};
				};
			};
			buildConfigurationList = D347422B1FADC0F90055EFBF /* Build configuration list for PBXProject "Activity" */;
			compatibilityVersion = "Xcode 8.0";
			developmentRegion = en;
			hasScannedForEncodings = 0;
			knownRegions = (
				en,
				Base,
			);
			mainGroup = D34742271FADC0F90055EFBF;
			productRefGroup = D34742311FADC0F90055EFBF /* Products */;
			projectDirPath = "";
			projectRoot = "";
			targets = (
				D347422F1FADC0F90055EFBF /* Activity */,
				D34742431FADC0F90055EFBF /* ActivityTests */,
				D347424E1FADC0F90055EFBF /* ActivityUITests */,
			);
		};
/* End PBXProject section */

/* Begin PBXResourcesBuildPhase section */
		D347422E1FADC0F90055EFBF /* Resources */ = {
			isa = PBXResourcesBuildPhase;
			buildActionMask = 2147483647;
			files = (
				D347423E1FADC0F90055EFBF /* LaunchScreen.storyboard in Resources */,
				D34742681FADC5330055EFBF /* Registration.storyboard in Resources */,
				D347423B1FADC0F90055EFBF /* Assets.xcassets in Resources */,
				D390C2F31FB0801B000445B2 /* ToDoActivities.storyboard in Resources */,
				D37549CE1FAF9D650046B85A /* MainTabBar.storyboard in Resources */,
				D30A95E71FAE1AE100BED0EF /* RegistrationInputTableViewCell.xib in Resources */,
				D390C2EF1FB07A69000445B2 /* ActivityTypeTableViewCell.xib in Resources */,
				D34742391FADC0F90055EFBF /* Main.storyboard in Resources */,
			);
			runOnlyForDeploymentPostprocessing = 0;
		};
		D34742421FADC0F90055EFBF /* Resources */ = {
			isa = PBXResourcesBuildPhase;
			buildActionMask = 2147483647;
			files = (
			);
			runOnlyForDeploymentPostprocessing = 0;
		};
		D347424D1FADC0F90055EFBF /* Resources */ = {
			isa = PBXResourcesBuildPhase;
			buildActionMask = 2147483647;
			files = (
			);
			runOnlyForDeploymentPostprocessing = 0;
		};
/* End PBXResourcesBuildPhase section */

/* Begin PBXShellScriptBuildPhase section */
		1F862A08DF71D692614F55BD /* [CP] Embed Pods Frameworks */ = {
			isa = PBXShellScriptBuildPhase;
			buildActionMask = 2147483647;
			files = (
			);
			inputPaths = (
			);
			name = "[CP] Embed Pods Frameworks";
			outputPaths = (
			);
			runOnlyForDeploymentPostprocessing = 0;
			shellPath = /bin/sh;
			shellScript = "\"${SRCROOT}/Pods/Target Support Files/Pods-ActivityTests/Pods-ActivityTests-frameworks.sh\"\n";
			showEnvVarsInLog = 0;
		};
		38ABAB1B008EA0CAD98954FA /* [CP] Check Pods Manifest.lock */ = {
			isa = PBXShellScriptBuildPhase;
			buildActionMask = 2147483647;
			files = (
			);
			inputPaths = (
				"${PODS_PODFILE_DIR_PATH}/Podfile.lock",
				"${PODS_ROOT}/Manifest.lock",
			);
			name = "[CP] Check Pods Manifest.lock";
			outputPaths = (
				"$(DERIVED_FILE_DIR)/Pods-Activity-checkManifestLockResult.txt",
			);
			runOnlyForDeploymentPostprocessing = 0;
			shellPath = /bin/sh;
			shellScript = "diff \"${PODS_PODFILE_DIR_PATH}/Podfile.lock\" \"${PODS_ROOT}/Manifest.lock\" > /dev/null\nif [ $? != 0 ] ; then\n    # print error to STDERR\n    echo \"error: The sandbox is not in sync with the Podfile.lock. Run 'pod install' or update your CocoaPods installation.\" >&2\n    exit 1\nfi\n# This output is used by Xcode 'outputs' to avoid re-running this script phase.\necho \"SUCCESS\" > \"${SCRIPT_OUTPUT_FILE_0}\"\n";
			showEnvVarsInLog = 0;
		};
		728F19B0C6FD9616C5991EB2 /* [CP] Embed Pods Frameworks */ = {
			isa = PBXShellScriptBuildPhase;
			buildActionMask = 2147483647;
			files = (
			);
			inputPaths = (
				"${SRCROOT}/Pods/Target Support Files/Pods-Activity/Pods-Activity-frameworks.sh",
				"${BUILT_PRODUCTS_DIR}/Charts/Charts.framework",
				"${BUILT_PRODUCTS_DIR}/DatePickerDialog/DatePickerDialog.framework",
				"${BUILT_PRODUCTS_DIR}/IQKeyboardManagerSwift/IQKeyboardManagerSwift.framework",
				"${BUILT_PRODUCTS_DIR}/Realm/Realm.framework",
				"${BUILT_PRODUCTS_DIR}/RealmSwift/RealmSwift.framework",
				"${BUILT_PRODUCTS_DIR}/SRCountdownTimer/SRCountdownTimer.framework",
			);
			name = "[CP] Embed Pods Frameworks";
			outputPaths = (
				"${TARGET_BUILD_DIR}/${FRAMEWORKS_FOLDER_PATH}/Charts.framework",
				"${TARGET_BUILD_DIR}/${FRAMEWORKS_FOLDER_PATH}/DatePickerDialog.framework",
				"${TARGET_BUILD_DIR}/${FRAMEWORKS_FOLDER_PATH}/IQKeyboardManagerSwift.framework",
				"${TARGET_BUILD_DIR}/${FRAMEWORKS_FOLDER_PATH}/Realm.framework",
				"${TARGET_BUILD_DIR}/${FRAMEWORKS_FOLDER_PATH}/RealmSwift.framework",
				"${TARGET_BUILD_DIR}/${FRAMEWORKS_FOLDER_PATH}/SRCountdownTimer.framework",
			);
			runOnlyForDeploymentPostprocessing = 0;
			shellPath = /bin/sh;
			shellScript = "\"${SRCROOT}/Pods/Target Support Files/Pods-Activity/Pods-Activity-frameworks.sh\"\n";
			showEnvVarsInLog = 0;
		};
		C50909FDC541A5EDA4DA7F13 /* [CP] Check Pods Manifest.lock */ = {
			isa = PBXShellScriptBuildPhase;
			buildActionMask = 2147483647;
			files = (
			);
			inputPaths = (
				"${PODS_PODFILE_DIR_PATH}/Podfile.lock",
				"${PODS_ROOT}/Manifest.lock",
			);
			name = "[CP] Check Pods Manifest.lock";
			outputPaths = (
				"$(DERIVED_FILE_DIR)/Pods-ActivityTests-checkManifestLockResult.txt",
			);
			runOnlyForDeploymentPostprocessing = 0;
			shellPath = /bin/sh;
			shellScript = "diff \"${PODS_PODFILE_DIR_PATH}/Podfile.lock\" \"${PODS_ROOT}/Manifest.lock\" > /dev/null\nif [ $? != 0 ] ; then\n    # print error to STDERR\n    echo \"error: The sandbox is not in sync with the Podfile.lock. Run 'pod install' or update your CocoaPods installation.\" >&2\n    exit 1\nfi\n# This output is used by Xcode 'outputs' to avoid re-running this script phase.\necho \"SUCCESS\" > \"${SCRIPT_OUTPUT_FILE_0}\"\n";
			showEnvVarsInLog = 0;
		};
		C7CAD309FE8403D5FB48CE1F /* [CP] Copy Pods Resources */ = {
			isa = PBXShellScriptBuildPhase;
			buildActionMask = 2147483647;
			files = (
			);
			inputPaths = (
			);
			name = "[CP] Copy Pods Resources";
			outputPaths = (
			);
			runOnlyForDeploymentPostprocessing = 0;
			shellPath = /bin/sh;
			shellScript = "\"${SRCROOT}/Pods/Target Support Files/Pods-ActivityTests/Pods-ActivityTests-resources.sh\"\n";
			showEnvVarsInLog = 0;
		};
		CF14BEF047BBF550ECCA4C45 /* [CP] Check Pods Manifest.lock */ = {
			isa = PBXShellScriptBuildPhase;
			buildActionMask = 2147483647;
			files = (
			);
			inputPaths = (
				"${PODS_PODFILE_DIR_PATH}/Podfile.lock",
				"${PODS_ROOT}/Manifest.lock",
			);
			name = "[CP] Check Pods Manifest.lock";
			outputPaths = (
				"$(DERIVED_FILE_DIR)/Pods-ActivityUITests-checkManifestLockResult.txt",
			);
			runOnlyForDeploymentPostprocessing = 0;
			shellPath = /bin/sh;
			shellScript = "diff \"${PODS_PODFILE_DIR_PATH}/Podfile.lock\" \"${PODS_ROOT}/Manifest.lock\" > /dev/null\nif [ $? != 0 ] ; then\n    # print error to STDERR\n    echo \"error: The sandbox is not in sync with the Podfile.lock. Run 'pod install' or update your CocoaPods installation.\" >&2\n    exit 1\nfi\n# This output is used by Xcode 'outputs' to avoid re-running this script phase.\necho \"SUCCESS\" > \"${SCRIPT_OUTPUT_FILE_0}\"\n";
			showEnvVarsInLog = 0;
		};
		D3CE8855B7F58BD46EC08281 /* [CP] Embed Pods Frameworks */ = {
			isa = PBXShellScriptBuildPhase;
			buildActionMask = 2147483647;
			files = (
			);
			inputPaths = (
			);
			name = "[CP] Embed Pods Frameworks";
			outputPaths = (
			);
			runOnlyForDeploymentPostprocessing = 0;
			shellPath = /bin/sh;
			shellScript = "\"${SRCROOT}/Pods/Target Support Files/Pods-ActivityUITests/Pods-ActivityUITests-frameworks.sh\"\n";
			showEnvVarsInLog = 0;
		};
		DE1FF4FE16DBB39AEDBF2A1D /* [CP] Copy Pods Resources */ = {
			isa = PBXShellScriptBuildPhase;
			buildActionMask = 2147483647;
			files = (
			);
			inputPaths = (
			);
			name = "[CP] Copy Pods Resources";
			outputPaths = (
			);
			runOnlyForDeploymentPostprocessing = 0;
			shellPath = /bin/sh;
			shellScript = "\"${SRCROOT}/Pods/Target Support Files/Pods-ActivityUITests/Pods-ActivityUITests-resources.sh\"\n";
			showEnvVarsInLog = 0;
		};
		E07E946234D06C04128A759A /* [CP] Copy Pods Resources */ = {
			isa = PBXShellScriptBuildPhase;
			buildActionMask = 2147483647;
			files = (
			);
			inputPaths = (
			);
			name = "[CP] Copy Pods Resources";
			outputPaths = (
			);
			runOnlyForDeploymentPostprocessing = 0;
			shellPath = /bin/sh;
			shellScript = "\"${SRCROOT}/Pods/Target Support Files/Pods-Activity/Pods-Activity-resources.sh\"\n";
			showEnvVarsInLog = 0;
		};
/* End PBXShellScriptBuildPhase section */

/* Begin PBXSourcesBuildPhase section */
		D347422C1FADC0F90055EFBF /* Sources */ = {
			isa = PBXSourcesBuildPhase;
			buildActionMask = 2147483647;
			files = (
				D3A35CA51FAE7FE400BA5BBE /* WaitingForAccountActiviationViewController.swift in Sources */,
				D390C2F51FB08533000445B2 /* ActivityTypeTableViewCell.swift in Sources */,
				D30A95E51FAE1ABC00BED0EF /* LoginViewController.swift in Sources */,
				D3A35CA31FAE43EC00BA5BBE /* AlertManager.swift in Sources */,
				D30A95F01FAE276300BED0EF /* DataBaseManager.swift in Sources */,
				D390C2EC1FAFDC0D000445B2 /* ActivityViewController.swift in Sources */,
				D390C2F71FB08EB1000445B2 /* UserDefaultsManager.swift in Sources */,
				D30A95EE1FAE26C600BED0EF /* RealmManager.swift in Sources */,
				D390C2F11FB07C3E000445B2 /* AddNewActivityViewController.swift in Sources */,
				D3093BA01FB09F5200AF2603 /* Activity.swift in Sources */,
				D37549D31FAFA02D0046B85A /* TodoActivityViewController.swift in Sources */,
				D3DFB1A61FADEEC50073CB8E /* RegistrationInputTableViewCell.swift in Sources */,
				D34742341FADC0F90055EFBF /* AppDelegate.swift in Sources */,
				D3D304831FB219AB002A45DF /* SettingsViewController.swift in Sources */,
				D347426A1FADC80B0055EFBF /* LandingPageViewController.swift in Sources */,
				D347426E1FADD6730055EFBF /* constants.swift in Sources */,
				D34742701FADD9BC0055EFBF /* RegisterViewController.swift in Sources */,
				D390C2E81FAFD8B8000445B2 /* HomeViewController.swift in Sources */,
				D3A35CA71FAE980100BA5BBE /* NotificationsManager.swift in Sources */,
				D30A95F21FAE330500BED0EF /* VaildationManager.swift in Sources */,
				D30A95EC1FAE261500BED0EF /* User.swift in Sources */,
				D302D51F1FAF73C200599B5A /* HelperManager.swift in Sources */,
			);
			runOnlyForDeploymentPostprocessing = 0;
		};
		D34742401FADC0F90055EFBF /* Sources */ = {
			isa = PBXSourcesBuildPhase;
			buildActionMask = 2147483647;
			files = (
				D3D3047C1FB2022E002A45DF /* VaildationManagerTests.swift in Sources */,
				D34CB5791FB1F4DF0017186C /* DataBaseManagerTestes.swift in Sources */,
				D34CB5731FB1E9BE0017186C /* UserModelTests.swift in Sources */,
				D34CB5751FB1EC990017186C /* ActivityModelTests.swift in Sources */,
			);
			runOnlyForDeploymentPostprocessing = 0;
		};
		D347424B1FADC0F90055EFBF /* Sources */ = {
			isa = PBXSourcesBuildPhase;
			buildActionMask = 2147483647;
			files = (
				D34742541FADC0F90055EFBF /* ActivityUITests.swift in Sources */,
			);
			runOnlyForDeploymentPostprocessing = 0;
		};
/* End PBXSourcesBuildPhase section */

/* Begin PBXTargetDependency section */
		D34742461FADC0F90055EFBF /* PBXTargetDependency */ = {
			isa = PBXTargetDependency;
			target = D347422F1FADC0F90055EFBF /* Activity */;
			targetProxy = D34742451FADC0F90055EFBF /* PBXContainerItemProxy */;
		};
		D34742511FADC0F90055EFBF /* PBXTargetDependency */ = {
			isa = PBXTargetDependency;
			target = D347422F1FADC0F90055EFBF /* Activity */;
			targetProxy = D34742501FADC0F90055EFBF /* PBXContainerItemProxy */;
		};
/* End PBXTargetDependency section */

/* Begin PBXVariantGroup section */
		D34742371FADC0F90055EFBF /* Main.storyboard */ = {
			isa = PBXVariantGroup;
			children = (
				D34742381FADC0F90055EFBF /* Base */,
			);
			name = Main.storyboard;
			sourceTree = "<group>";
		};
		D347423C1FADC0F90055EFBF /* LaunchScreen.storyboard */ = {
			isa = PBXVariantGroup;
			children = (
				D347423D1FADC0F90055EFBF /* Base */,
			);
			name = LaunchScreen.storyboard;
			sourceTree = "<group>";
		};
/* End PBXVariantGroup section */

/* Begin XCBuildConfiguration section */
		D34742561FADC0F90055EFBF /* Debug */ = {
			isa = XCBuildConfiguration;
			buildSettings = {
				ALWAYS_SEARCH_USER_PATHS = NO;
				CLANG_ANALYZER_NONNULL = YES;
				CLANG_ANALYZER_NUMBER_OBJECT_CONVERSION = YES_AGGRESSIVE;
				CLANG_CXX_LANGUAGE_STANDARD = "gnu++14";
				CLANG_CXX_LIBRARY = "libc++";
				CLANG_ENABLE_MODULES = YES;
				CLANG_ENABLE_OBJC_ARC = YES;
				CLANG_WARN_BLOCK_CAPTURE_AUTORELEASING = YES;
				CLANG_WARN_BOOL_CONVERSION = YES;
				CLANG_WARN_COMMA = YES;
				CLANG_WARN_CONSTANT_CONVERSION = YES;
				CLANG_WARN_DIRECT_OBJC_ISA_USAGE = YES_ERROR;
				CLANG_WARN_DOCUMENTATION_COMMENTS = YES;
				CLANG_WARN_EMPTY_BODY = YES;
				CLANG_WARN_ENUM_CONVERSION = YES;
				CLANG_WARN_INFINITE_RECURSION = YES;
				CLANG_WARN_INT_CONVERSION = YES;
				CLANG_WARN_NON_LITERAL_NULL_CONVERSION = YES;
				CLANG_WARN_OBJC_LITERAL_CONVERSION = YES;
				CLANG_WARN_OBJC_ROOT_CLASS = YES_ERROR;
				CLANG_WARN_RANGE_LOOP_ANALYSIS = YES;
				CLANG_WARN_STRICT_PROTOTYPES = YES;
				CLANG_WARN_SUSPICIOUS_MOVE = YES;
				CLANG_WARN_UNGUARDED_AVAILABILITY = YES_AGGRESSIVE;
				CLANG_WARN_UNREACHABLE_CODE = YES;
				CLANG_WARN__DUPLICATE_METHOD_MATCH = YES;
				CODE_SIGN_IDENTITY = "iPhone Developer";
				COPY_PHASE_STRIP = NO;
				DEBUG_INFORMATION_FORMAT = dwarf;
				ENABLE_STRICT_OBJC_MSGSEND = YES;
				ENABLE_TESTABILITY = YES;
				GCC_C_LANGUAGE_STANDARD = gnu11;
				GCC_DYNAMIC_NO_PIC = NO;
				GCC_NO_COMMON_BLOCKS = YES;
				GCC_OPTIMIZATION_LEVEL = 0;
				GCC_PREPROCESSOR_DEFINITIONS = (
					"DEBUG=1",
					"$(inherited)",
				);
				GCC_WARN_64_TO_32_BIT_CONVERSION = YES;
				GCC_WARN_ABOUT_RETURN_TYPE = YES_ERROR;
				GCC_WARN_UNDECLARED_SELECTOR = YES;
				GCC_WARN_UNINITIALIZED_AUTOS = YES_AGGRESSIVE;
				GCC_WARN_UNUSED_FUNCTION = YES;
				GCC_WARN_UNUSED_VARIABLE = YES;
				IPHONEOS_DEPLOYMENT_TARGET = 11.0;
				MTL_ENABLE_DEBUG_INFO = YES;
				ONLY_ACTIVE_ARCH = YES;
				SDKROOT = iphoneos;
				SWIFT_ACTIVE_COMPILATION_CONDITIONS = DEBUG;
				SWIFT_OPTIMIZATION_LEVEL = "-Onone";
			};
			name = Debug;
		};
		D34742571FADC0F90055EFBF /* Release */ = {
			isa = XCBuildConfiguration;
			buildSettings = {
				ALWAYS_SEARCH_USER_PATHS = NO;
				CLANG_ANALYZER_NONNULL = YES;
				CLANG_ANALYZER_NUMBER_OBJECT_CONVERSION = YES_AGGRESSIVE;
				CLANG_CXX_LANGUAGE_STANDARD = "gnu++14";
				CLANG_CXX_LIBRARY = "libc++";
				CLANG_ENABLE_MODULES = YES;
				CLANG_ENABLE_OBJC_ARC = YES;
				CLANG_WARN_BLOCK_CAPTURE_AUTORELEASING = YES;
				CLANG_WARN_BOOL_CONVERSION = YES;
				CLANG_WARN_COMMA = YES;
				CLANG_WARN_CONSTANT_CONVERSION = YES;
				CLANG_WARN_DIRECT_OBJC_ISA_USAGE = YES_ERROR;
				CLANG_WARN_DOCUMENTATION_COMMENTS = YES;
				CLANG_WARN_EMPTY_BODY = YES;
				CLANG_WARN_ENUM_CONVERSION = YES;
				CLANG_WARN_INFINITE_RECURSION = YES;
				CLANG_WARN_INT_CONVERSION = YES;
				CLANG_WARN_NON_LITERAL_NULL_CONVERSION = YES;
				CLANG_WARN_OBJC_LITERAL_CONVERSION = YES;
				CLANG_WARN_OBJC_ROOT_CLASS = YES_ERROR;
				CLANG_WARN_RANGE_LOOP_ANALYSIS = YES;
				CLANG_WARN_STRICT_PROTOTYPES = YES;
				CLANG_WARN_SUSPICIOUS_MOVE = YES;
				CLANG_WARN_UNGUARDED_AVAILABILITY = YES_AGGRESSIVE;
				CLANG_WARN_UNREACHABLE_CODE = YES;
				CLANG_WARN__DUPLICATE_METHOD_MATCH = YES;
				CODE_SIGN_IDENTITY = "iPhone Developer";
				COPY_PHASE_STRIP = NO;
				DEBUG_INFORMATION_FORMAT = "dwarf-with-dsym";
				ENABLE_NS_ASSERTIONS = NO;
				ENABLE_STRICT_OBJC_MSGSEND = YES;
				GCC_C_LANGUAGE_STANDARD = gnu11;
				GCC_NO_COMMON_BLOCKS = YES;
				GCC_WARN_64_TO_32_BIT_CONVERSION = YES;
				GCC_WARN_ABOUT_RETURN_TYPE = YES_ERROR;
				GCC_WARN_UNDECLARED_SELECTOR = YES;
				GCC_WARN_UNINITIALIZED_AUTOS = YES_AGGRESSIVE;
				GCC_WARN_UNUSED_FUNCTION = YES;
				GCC_WARN_UNUSED_VARIABLE = YES;
				IPHONEOS_DEPLOYMENT_TARGET = 11.0;
				MTL_ENABLE_DEBUG_INFO = NO;
				SDKROOT = iphoneos;
				SWIFT_OPTIMIZATION_LEVEL = "-Owholemodule";
				VALIDATE_PRODUCT = YES;
			};
			name = Release;
		};
		D34742591FADC0F90055EFBF /* Debug */ = {
			isa = XCBuildConfiguration;
			baseConfigurationReference = 766E6E311C444E00A7BBA5D6 /* Pods-Activity.debug.xcconfig */;
			buildSettings = {
				ALWAYS_EMBED_SWIFT_STANDARD_LIBRARIES = "$(inherited)";
				ASSETCATALOG_COMPILER_APPICON_NAME = AppIcon;
				CODE_SIGN_STYLE = Automatic;
				DEVELOPMENT_TEAM = SSV5KQ8UA5;
				INFOPLIST_FILE = Activity/Info.plist;
				IPHONEOS_DEPLOYMENT_TARGET = 10.0;
				LD_RUNPATH_SEARCH_PATHS = "$(inherited) @executable_path/Frameworks";
				PRODUCT_BUNDLE_IDENTIFIER = Colorfy.Activity;
				PRODUCT_NAME = "$(TARGET_NAME)";
				SWIFT_VERSION = 4.0;
				TARGETED_DEVICE_FAMILY = 1;
			};
			name = Debug;
		};
		D347425A1FADC0F90055EFBF /* Release */ = {
			isa = XCBuildConfiguration;
			baseConfigurationReference = C3789C691CF6DEBC81EB4D07 /* Pods-Activity.release.xcconfig */;
			buildSettings = {
				ALWAYS_EMBED_SWIFT_STANDARD_LIBRARIES = "$(inherited)";
				ASSETCATALOG_COMPILER_APPICON_NAME = AppIcon;
				CODE_SIGN_STYLE = Automatic;
				DEVELOPMENT_TEAM = SSV5KQ8UA5;
				INFOPLIST_FILE = Activity/Info.plist;
				IPHONEOS_DEPLOYMENT_TARGET = 10.0;
				LD_RUNPATH_SEARCH_PATHS = "$(inherited) @executable_path/Frameworks";
				PRODUCT_BUNDLE_IDENTIFIER = Colorfy.Activity;
				PRODUCT_NAME = "$(TARGET_NAME)";
				SWIFT_VERSION = 4.0;
				TARGETED_DEVICE_FAMILY = 1;
			};
			name = Release;
		};
		D347425C1FADC0F90055EFBF /* Debug */ = {
			isa = XCBuildConfiguration;
			baseConfigurationReference = 59E0C1FF120F11E8BC7E2980 /* Pods-ActivityTests.debug.xcconfig */;
			buildSettings = {
				ALWAYS_EMBED_SWIFT_STANDARD_LIBRARIES = "$(inherited)";
				BUNDLE_LOADER = "$(TEST_HOST)";
				CODE_SIGN_STYLE = Automatic;
				DEVELOPMENT_TEAM = SSV5KQ8UA5;
				INFOPLIST_FILE = ActivityTests/Info.plist;
				LD_RUNPATH_SEARCH_PATHS = "$(inherited) @executable_path/Frameworks @loader_path/Frameworks";
				PRODUCT_BUNDLE_IDENTIFIER = Colorfy.ActivityTests;
				PRODUCT_NAME = "$(TARGET_NAME)";
				SWIFT_VERSION = 4.0;
				TARGETED_DEVICE_FAMILY = "1,2";
				TEST_HOST = "$(BUILT_PRODUCTS_DIR)/Activity.app/Activity";
			};
			name = Debug;
		};
		D347425D1FADC0F90055EFBF /* Release */ = {
			isa = XCBuildConfiguration;
			baseConfigurationReference = 9E711C2571CAA31F51AE68CF /* Pods-ActivityTests.release.xcconfig */;
			buildSettings = {
				ALWAYS_EMBED_SWIFT_STANDARD_LIBRARIES = "$(inherited)";
				BUNDLE_LOADER = "$(TEST_HOST)";
				CODE_SIGN_STYLE = Automatic;
				DEVELOPMENT_TEAM = SSV5KQ8UA5;
				INFOPLIST_FILE = ActivityTests/Info.plist;
				LD_RUNPATH_SEARCH_PATHS = "$(inherited) @executable_path/Frameworks @loader_path/Frameworks";
				PRODUCT_BUNDLE_IDENTIFIER = Colorfy.ActivityTests;
				PRODUCT_NAME = "$(TARGET_NAME)";
				SWIFT_VERSION = 4.0;
				TARGETED_DEVICE_FAMILY = "1,2";
				TEST_HOST = "$(BUILT_PRODUCTS_DIR)/Activity.app/Activity";
			};
			name = Release;
		};
		D347425F1FADC0F90055EFBF /* Debug */ = {
			isa = XCBuildConfiguration;
			baseConfigurationReference = 09330BE3C026E5A7842BBFD4 /* Pods-ActivityUITests.debug.xcconfig */;
			buildSettings = {
				ALWAYS_EMBED_SWIFT_STANDARD_LIBRARIES = "$(inherited)";
				CODE_SIGN_STYLE = Automatic;
				DEVELOPMENT_TEAM = SSV5KQ8UA5;
				INFOPLIST_FILE = ActivityUITests/Info.plist;
				LD_RUNPATH_SEARCH_PATHS = "$(inherited) @executable_path/Frameworks @loader_path/Frameworks";
				PRODUCT_BUNDLE_IDENTIFIER = Colorfy.ActivityUITests;
				PRODUCT_NAME = "$(TARGET_NAME)";
				SWIFT_VERSION = 4.0;
				TARGETED_DEVICE_FAMILY = "1,2";
				TEST_TARGET_NAME = Activity;
			};
			name = Debug;
		};
		D34742601FADC0F90055EFBF /* Release */ = {
			isa = XCBuildConfiguration;
			baseConfigurationReference = 503F58E0940B9743C7154F97 /* Pods-ActivityUITests.release.xcconfig */;
			buildSettings = {
				ALWAYS_EMBED_SWIFT_STANDARD_LIBRARIES = "$(inherited)";
				CODE_SIGN_STYLE = Automatic;
				DEVELOPMENT_TEAM = SSV5KQ8UA5;
				INFOPLIST_FILE = ActivityUITests/Info.plist;
				LD_RUNPATH_SEARCH_PATHS = "$(inherited) @executable_path/Frameworks @loader_path/Frameworks";
				PRODUCT_BUNDLE_IDENTIFIER = Colorfy.ActivityUITests;
				PRODUCT_NAME = "$(TARGET_NAME)";
				SWIFT_VERSION = 4.0;
				TARGETED_DEVICE_FAMILY = "1,2";
				TEST_TARGET_NAME = Activity;
			};
			name = Release;
		};
/* End XCBuildConfiguration section */

/* Begin XCConfigurationList section */
		D347422B1FADC0F90055EFBF /* Build configuration list for PBXProject "Activity" */ = {
			isa = XCConfigurationList;
			buildConfigurations = (
				D34742561FADC0F90055EFBF /* Debug */,
				D34742571FADC0F90055EFBF /* Release */,
			);
			defaultConfigurationIsVisible = 0;
			defaultConfigurationName = Release;
		};
		D34742581FADC0F90055EFBF /* Build configuration list for PBXNativeTarget "Activity" */ = {
			isa = XCConfigurationList;
			buildConfigurations = (
				D34742591FADC0F90055EFBF /* Debug */,
				D347425A1FADC0F90055EFBF /* Release */,
			);
			defaultConfigurationIsVisible = 0;
			defaultConfigurationName = Release;
		};
		D347425B1FADC0F90055EFBF /* Build configuration list for PBXNativeTarget "ActivityTests" */ = {
			isa = XCConfigurationList;
			buildConfigurations = (
				D347425C1FADC0F90055EFBF /* Debug */,
				D347425D1FADC0F90055EFBF /* Release */,
			);
			defaultConfigurationIsVisible = 0;
			defaultConfigurationName = Release;
		};
		D347425E1FADC0F90055EFBF /* Build configuration list for PBXNativeTarget "ActivityUITests" */ = {
			isa = XCConfigurationList;
			buildConfigurations = (
				D347425F1FADC0F90055EFBF /* Debug */,
				D34742601FADC0F90055EFBF /* Release */,
			);
			defaultConfigurationIsVisible = 0;
			defaultConfigurationName = Release;
		};
/* End XCConfigurationList section */
	};
	rootObject = D34742281FADC0F90055EFBF /* Project object */;
}
